// !$*UTF8*$!
{
	archiveVersion = 1;
	classes = {
	};
	objectVersion = 50;
	objects = {

/* Begin PBXBuildFile section */
		A0F316D726DFCA8C006E7015 /* AppDelegate.swift in Sources */ = {isa = PBXBuildFile; fileRef = A0F316D626DFCA8C006E7015 /* AppDelegate.swift */; };
		A0F316D926DFCA8C006E7015 /* SceneDelegate.swift in Sources */ = {isa = PBXBuildFile; fileRef = A0F316D826DFCA8C006E7015 /* SceneDelegate.swift */; };
		A0F316DB26DFCA8C006E7015 /* ContentView.swift in Sources */ = {isa = PBXBuildFile; fileRef = A0F316DA26DFCA8C006E7015 /* ContentView.swift */; };
		A0F316DE26DFCA8C006E7015 /* MAPS.xcdatamodeld in Sources */ = {isa = PBXBuildFile; fileRef = A0F316DC26DFCA8C006E7015 /* MAPS.xcdatamodeld */; };
		A0F316E026DFCA8D006E7015 /* Assets.xcassets in Resources */ = {isa = PBXBuildFile; fileRef = A0F316DF26DFCA8D006E7015 /* Assets.xcassets */; };
		A0F316E326DFCA8D006E7015 /* Preview Assets.xcassets in Resources */ = {isa = PBXBuildFile; fileRef = A0F316E226DFCA8D006E7015 /* Preview Assets.xcassets */; };
		A0F316E626DFCA8D006E7015 /* LaunchScreen.storyboard in Resources */ = {isa = PBXBuildFile; fileRef = A0F316E426DFCA8D006E7015 /* LaunchScreen.storyboard */; };
		A0F316F126DFCA8D006E7015 /* MAPSTests.swift in Sources */ = {isa = PBXBuildFile; fileRef = A0F316F026DFCA8D006E7015 /* MAPSTests.swift */; };
		A0F316FC26DFCA8D006E7015 /* MAPSUITests.swift in Sources */ = {isa = PBXBuildFile; fileRef = A0F316FB26DFCA8D006E7015 /* MAPSUITests.swift */; };
/* End PBXBuildFile section */

/* Begin PBXContainerItemProxy section */
		A0F316ED26DFCA8D006E7015 /* PBXContainerItemProxy */ = {
			isa = PBXContainerItemProxy;
			containerPortal = A0F316CB26DFCA8C006E7015 /* Project object */;
			proxyType = 1;
			remoteGlobalIDString = A0F316D226DFCA8C006E7015;
			remoteInfo = MAPS;
		};
		A0F316F826DFCA8D006E7015 /* PBXContainerItemProxy */ = {
			isa = PBXContainerItemProxy;
			containerPortal = A0F316CB26DFCA8C006E7015 /* Project object */;
			proxyType = 1;
			remoteGlobalIDString = A0F316D226DFCA8C006E7015;
			remoteInfo = MAPS;
		};
/* End PBXContainerItemProxy section */

/* Begin PBXFileReference section */
		A0F316D326DFCA8C006E7015 /* MAPS.app */ = {isa = PBXFileReference; explicitFileType = wrapper.application; includeInIndex = 0; path = MAPS.app; sourceTree = BUILT_PRODUCTS_DIR; };
		A0F316D626DFCA8C006E7015 /* AppDelegate.swift */ = {isa = PBXFileReference; lastKnownFileType = sourcecode.swift; path = AppDelegate.swift; sourceTree = "<group>"; };
		A0F316D826DFCA8C006E7015 /* SceneDelegate.swift */ = {isa = PBXFileReference; lastKnownFileType = sourcecode.swift; path = SceneDelegate.swift; sourceTree = "<group>"; };
		A0F316DA26DFCA8C006E7015 /* ContentView.swift */ = {isa = PBXFileReference; lastKnownFileType = sourcecode.swift; path = ContentView.swift; sourceTree = "<group>"; };
		A0F316DD26DFCA8C006E7015 /* MAPS.xcdatamodel */ = {isa = PBXFileReference; lastKnownFileType = wrapper.xcdatamodel; path = MAPS.xcdatamodel; sourceTree = "<group>"; };
		A0F316DF26DFCA8D006E7015 /* Assets.xcassets */ = {isa = PBXFileReference; lastKnownFileType = folder.assetcatalog; path = Assets.xcassets; sourceTree = "<group>"; };
		A0F316E226DFCA8D006E7015 /* Preview Assets.xcassets */ = {isa = PBXFileReference; lastKnownFileType = folder.assetcatalog; path = "Preview Assets.xcassets"; sourceTree = "<group>"; };
		A0F316E526DFCA8D006E7015 /* Base */ = {isa = PBXFileReference; lastKnownFileType = file.storyboard; name = Base; path = Base.lproj/LaunchScreen.storyboard; sourceTree = "<group>"; };
		A0F316E726DFCA8D006E7015 /* Info.plist */ = {isa = PBXFileReference; lastKnownFileType = text.plist.xml; path = Info.plist; sourceTree = "<group>"; };
		A0F316EC26DFCA8D006E7015 /* MAPSTests.xctest */ = {isa = PBXFileReference; explicitFileType = wrapper.cfbundle; includeInIndex = 0; path = MAPSTests.xctest; sourceTree = BUILT_PRODUCTS_DIR; };
		A0F316F026DFCA8D006E7015 /* MAPSTests.swift */ = {isa = PBXFileReference; lastKnownFileType = sourcecode.swift; path = MAPSTests.swift; sourceTree = "<group>"; };
		A0F316F226DFCA8D006E7015 /* Info.plist */ = {isa = PBXFileReference; lastKnownFileType = text.plist.xml; path = Info.plist; sourceTree = "<group>"; };
		A0F316F726DFCA8D006E7015 /* MAPSUITests.xctest */ = {isa = PBXFileReference; explicitFileType = wrapper.cfbundle; includeInIndex = 0; path = MAPSUITests.xctest; sourceTree = BUILT_PRODUCTS_DIR; };
		A0F316FB26DFCA8D006E7015 /* MAPSUITests.swift */ = {isa = PBXFileReference; lastKnownFileType = sourcecode.swift; path = MAPSUITests.swift; sourceTree = "<group>"; };
		A0F316FD26DFCA8D006E7015 /* Info.plist */ = {isa = PBXFileReference; lastKnownFileType = text.plist.xml; path = Info.plist; sourceTree = "<group>"; };
/* End PBXFileReference section */

/* Begin PBXFrameworksBuildPhase section */
		A0F316D026DFCA8C006E7015 /* Frameworks */ = {
			isa = PBXFrameworksBuildPhase;
			buildActionMask = 2147483647;
			files = (
			);
			runOnlyForDeploymentPostprocessing = 0;
		};
		A0F316E926DFCA8D006E7015 /* Frameworks */ = {
			isa = PBXFrameworksBuildPhase;
			buildActionMask = 2147483647;
			files = (
			);
			runOnlyForDeploymentPostprocessing = 0;
		};
		A0F316F426DFCA8D006E7015 /* Frameworks */ = {
			isa = PBXFrameworksBuildPhase;
			buildActionMask = 2147483647;
			files = (
			);
			runOnlyForDeploymentPostprocessing = 0;
		};
/* End PBXFrameworksBuildPhase section */

/* Begin PBXGroup section */
		A0F316CA26DFCA8C006E7015 = {
			isa = PBXGroup;
			children = (
				A0F316D526DFCA8C006E7015 /* MAPS */,
				A0F316EF26DFCA8D006E7015 /* MAPSTests */,
				A0F316FA26DFCA8D006E7015 /* MAPSUITests */,
				A0F316D426DFCA8C006E7015 /* Products */,
			);
			sourceTree = "<group>";
		};
		A0F316D426DFCA8C006E7015 /* Products */ = {
			isa = PBXGroup;
			children = (
				A0F316D326DFCA8C006E7015 /* MAPS.app */,
				A0F316EC26DFCA8D006E7015 /* MAPSTests.xctest */,
				A0F316F726DFCA8D006E7015 /* MAPSUITests.xctest */,
			);
			name = Products;
			sourceTree = "<group>";
		};
		A0F316D526DFCA8C006E7015 /* MAPS */ = {
			isa = PBXGroup;
			children = (
				A0F316D626DFCA8C006E7015 /* AppDelegate.swift */,
				A0F316D826DFCA8C006E7015 /* SceneDelegate.swift */,
				A0F316DA26DFCA8C006E7015 /* ContentView.swift */,
				A0F316DF26DFCA8D006E7015 /* Assets.xcassets */,
				A0F316E426DFCA8D006E7015 /* LaunchScreen.storyboard */,
				A0F316E726DFCA8D006E7015 /* Info.plist */,
				A0F316DC26DFCA8C006E7015 /* MAPS.xcdatamodeld */,
				A0F316E126DFCA8D006E7015 /* Preview Content */,
			);
			path = MAPS;
			sourceTree = "<group>";
		};
		A0F316E126DFCA8D006E7015 /* Preview Content */ = {
			isa = PBXGroup;
			children = (
				A0F316E226DFCA8D006E7015 /* Preview Assets.xcassets */,
			);
			path = "Preview Content";
			sourceTree = "<group>";
		};
		A0F316EF26DFCA8D006E7015 /* MAPSTests */ = {
			isa = PBXGroup;
			children = (
				A0F316F026DFCA8D006E7015 /* MAPSTests.swift */,
				A0F316F226DFCA8D006E7015 /* Info.plist */,
			);
			path = MAPSTests;
			sourceTree = "<group>";
		};
		A0F316FA26DFCA8D006E7015 /* MAPSUITests */ = {
			isa = PBXGroup;
			children = (
				A0F316FB26DFCA8D006E7015 /* MAPSUITests.swift */,
				A0F316FD26DFCA8D006E7015 /* Info.plist */,
			);
			path = MAPSUITests;
			sourceTree = "<group>";
		};
/* End PBXGroup section */

/* Begin PBXNativeTarget section */
		A0F316D226DFCA8C006E7015 /* MAPS */ = {
			isa = PBXNativeTarget;
			buildConfigurationList = A0F3170026DFCA8D006E7015 /* Build configuration list for PBXNativeTarget "MAPS" */;
			buildPhases = (
				A0F316CF26DFCA8C006E7015 /* Sources */,
				A0F316D026DFCA8C006E7015 /* Frameworks */,
				A0F316D126DFCA8C006E7015 /* Resources */,
			);
			buildRules = (
			);
			dependencies = (
			);
			name = MAPS;
			productName = MAPS;
			productReference = A0F316D326DFCA8C006E7015 /* MAPS.app */;
			productType = "com.apple.product-type.application";
		};
		A0F316EB26DFCA8D006E7015 /* MAPSTests */ = {
			isa = PBXNativeTarget;
			buildConfigurationList = A0F3170326DFCA8D006E7015 /* Build configuration list for PBXNativeTarget "MAPSTests" */;
			buildPhases = (
				A0F316E826DFCA8D006E7015 /* Sources */,
				A0F316E926DFCA8D006E7015 /* Frameworks */,
				A0F316EA26DFCA8D006E7015 /* Resources */,
			);
			buildRules = (
			);
			dependencies = (
				A0F316EE26DFCA8D006E7015 /* PBXTargetDependency */,
			);
			name = MAPSTests;
			productName = MAPSTests;
			productReference = A0F316EC26DFCA8D006E7015 /* MAPSTests.xctest */;
			productType = "com.apple.product-type.bundle.unit-test";
		};
		A0F316F626DFCA8D006E7015 /* MAPSUITests */ = {
			isa = PBXNativeTarget;
			buildConfigurationList = A0F3170626DFCA8D006E7015 /* Build configuration list for PBXNativeTarget "MAPSUITests" */;
			buildPhases = (
				A0F316F326DFCA8D006E7015 /* Sources */,
				A0F316F426DFCA8D006E7015 /* Frameworks */,
				A0F316F526DFCA8D006E7015 /* Resources */,
			);
			buildRules = (
			);
			dependencies = (
				A0F316F926DFCA8D006E7015 /* PBXTargetDependency */,
			);
			name = MAPSUITests;
			productName = MAPSUITests;
			productReference = A0F316F726DFCA8D006E7015 /* MAPSUITests.xctest */;
			productType = "com.apple.product-type.bundle.ui-testing";
		};
/* End PBXNativeTarget section */

/* Begin PBXProject section */
		A0F316CB26DFCA8C006E7015 /* Project object */ = {
			isa = PBXProject;
			attributes = {
				KnownAssetTags = (
					New,
				);
				LastSwiftUpdateCheck = 1250;
				LastUpgradeCheck = 1250;
				TargetAttributes = {
					A0F316D226DFCA8C006E7015 = {
						CreatedOnToolsVersion = 12.5;
					};
					A0F316EB26DFCA8D006E7015 = {
						CreatedOnToolsVersion = 12.5;
						TestTargetID = A0F316D226DFCA8C006E7015;
					};
					A0F316F626DFCA8D006E7015 = {
						CreatedOnToolsVersion = 12.5;
						TestTargetID = A0F316D226DFCA8C006E7015;
					};
				};
			};
			buildConfigurationList = A0F316CE26DFCA8C006E7015 /* Build configuration list for PBXProject "MAPS" */;
			compatibilityVersion = "Xcode 9.3";
			developmentRegion = en;
			hasScannedForEncodings = 0;
			knownRegions = (
				en,
				Base,
			);
			mainGroup = A0F316CA26DFCA8C006E7015;
			productRefGroup = A0F316D426DFCA8C006E7015 /* Products */;
			projectDirPath = "";
			projectRoot = "";
			targets = (
				A0F316D226DFCA8C006E7015 /* MAPS */,
				A0F316EB26DFCA8D006E7015 /* MAPSTests */,
				A0F316F626DFCA8D006E7015 /* MAPSUITests */,
			);
		};
/* End PBXProject section */

/* Begin PBXResourcesBuildPhase section */
		A0F316D126DFCA8C006E7015 /* Resources */ = {
			isa = PBXResourcesBuildPhase;
			buildActionMask = 2147483647;
			files = (
				A0F316E626DFCA8D006E7015 /* LaunchScreen.storyboard in Resources */,
				A0F316E326DFCA8D006E7015 /* Preview Assets.xcassets in Resources */,
				A0F316E026DFCA8D006E7015 /* Assets.xcassets in Resources */,
			);
			runOnlyForDeploymentPostprocessing = 0;
		};
		A0F316EA26DFCA8D006E7015 /* Resources */ = {
			isa = PBXResourcesBuildPhase;
			buildActionMask = 2147483647;
			files = (
			);
			runOnlyForDeploymentPostprocessing = 0;
		};
		A0F316F526DFCA8D006E7015 /* Resources */ = {
			isa = PBXResourcesBuildPhase;
			buildActionMask = 2147483647;
			files = (
			);
			runOnlyForDeploymentPostprocessing = 0;
		};
/* End PBXResourcesBuildPhase section */

/* Begin PBXSourcesBuildPhase section */
		A0F316CF26DFCA8C006E7015 /* Sources */ = {
			isa = PBXSourcesBuildPhase;
			buildActionMask = 2147483647;
			files = (
				A0F316D726DFCA8C006E7015 /* AppDelegate.swift in Sources */,
				A0F316D926DFCA8C006E7015 /* SceneDelegate.swift in Sources */,
				A0F316DE26DFCA8C006E7015 /* MAPS.xcdatamodeld in Sources */,
				A0F316DB26DFCA8C006E7015 /* ContentView.swift in Sources */,
			);
			runOnlyForDeploymentPostprocessing = 0;
		};
		A0F316E826DFCA8D006E7015 /* Sources */ = {
			isa = PBXSourcesBuildPhase;
			buildActionMask = 2147483647;
			files = (
				A0F316F126DFCA8D006E7015 /* MAPSTests.swift in Sources */,
			);
			runOnlyForDeploymentPostprocessing = 0;
		};
		A0F316F326DFCA8D006E7015 /* Sources */ = {
			isa = PBXSourcesBuildPhase;
			buildActionMask = 2147483647;
			files = (
				A0F316FC26DFCA8D006E7015 /* MAPSUITests.swift in Sources */,
			);
			runOnlyForDeploymentPostprocessing = 0;
		};
/* End PBXSourcesBuildPhase section */

/* Begin PBXTargetDependency section */
		A0F316EE26DFCA8D006E7015 /* PBXTargetDependency */ = {
			isa = PBXTargetDependency;
			target = A0F316D226DFCA8C006E7015 /* MAPS */;
			targetProxy = A0F316ED26DFCA8D006E7015 /* PBXContainerItemProxy */;
		};
		A0F316F926DFCA8D006E7015 /* PBXTargetDependency */ = {
			isa = PBXTargetDependency;
			target = A0F316D226DFCA8C006E7015 /* MAPS */;
			targetProxy = A0F316F826DFCA8D006E7015 /* PBXContainerItemProxy */;
		};
/* End PBXTargetDependency section */

/* Begin PBXVariantGroup section */
		A0F316E426DFCA8D006E7015 /* LaunchScreen.storyboard */ = {
			isa = PBXVariantGroup;
			children = (
				A0F316E526DFCA8D006E7015 /* Base */,
			);
			name = LaunchScreen.storyboard;
			sourceTree = "<group>";
		};
/* End PBXVariantGroup section */

/* Begin XCBuildConfiguration section */
		A0F316FE26DFCA8D006E7015 /* Debug */ = {
			isa = XCBuildConfiguration;
			buildSettings = {
				ALWAYS_SEARCH_USER_PATHS = NO;
				CLANG_ANALYZER_NONNULL = YES;
				CLANG_ANALYZER_NUMBER_OBJECT_CONVERSION = YES_AGGRESSIVE;
				CLANG_CXX_LANGUAGE_STANDARD = "gnu++14";
				CLANG_CXX_LIBRARY = "libc++";
				CLANG_ENABLE_MODULES = YES;
				CLANG_ENABLE_OBJC_ARC = YES;
				CLANG_ENABLE_OBJC_WEAK = YES;
				CLANG_WARN_BLOCK_CAPTURE_AUTORELEASING = YES;
				CLANG_WARN_BOOL_CONVERSION = YES;
				CLANG_WARN_COMMA = YES;
				CLANG_WARN_CONSTANT_CONVERSION = YES;
				CLANG_WARN_DEPRECATED_OBJC_IMPLEMENTATIONS = YES;
				CLANG_WARN_DIRECT_OBJC_ISA_USAGE = YES_ERROR;
				CLANG_WARN_DOCUMENTATION_COMMENTS = YES;
				CLANG_WARN_EMPTY_BODY = YES;
				CLANG_WARN_ENUM_CONVERSION = YES;
				CLANG_WARN_INFINITE_RECURSION = YES;
				CLANG_WARN_INT_CONVERSION = YES;
				CLANG_WARN_NON_LITERAL_NULL_CONVERSION = YES;
				CLANG_WARN_OBJC_IMPLICIT_RETAIN_SELF = YES;
				CLANG_WARN_OBJC_LITERAL_CONVERSION = YES;
				CLANG_WARN_OBJC_ROOT_CLASS = YES_ERROR;
				CLANG_WARN_QUOTED_INCLUDE_IN_FRAMEWORK_HEADER = YES;
				CLANG_WARN_RANGE_LOOP_ANALYSIS = YES;
				CLANG_WARN_STRICT_PROTOTYPES = YES;
				CLANG_WARN_SUSPICIOUS_MOVE = YES;
				CLANG_WARN_UNGUARDED_AVAILABILITY = YES_AGGRESSIVE;
				CLANG_WARN_UNREACHABLE_CODE = YES;
				CLANG_WARN__DUPLICATE_METHOD_MATCH = YES;
				COPY_PHASE_STRIP = NO;
				DEBUG_INFORMATION_FORMAT = dwarf;
				ENABLE_STRICT_OBJC_MSGSEND = YES;
				ENABLE_TESTABILITY = YES;
				GCC_C_LANGUAGE_STANDARD = gnu11;
				GCC_DYNAMIC_NO_PIC = NO;
				GCC_NO_COMMON_BLOCKS = YES;
				GCC_OPTIMIZATION_LEVEL = 0;
				GCC_PREPROCESSOR_DEFINITIONS = (
					"DEBUG=1",
					"$(inherited)",
				);
				GCC_WARN_64_TO_32_BIT_CONVERSION = YES;
				GCC_WARN_ABOUT_RETURN_TYPE = YES_ERROR;
				GCC_WARN_UNDECLARED_SELECTOR = YES;
				GCC_WARN_UNINITIALIZED_AUTOS = YES_AGGRESSIVE;
				GCC_WARN_UNUSED_FUNCTION = YES;
				GCC_WARN_UNUSED_VARIABLE = YES;
				IPHONEOS_DEPLOYMENT_TARGET = 14.5;
				MTL_ENABLE_DEBUG_INFO = INCLUDE_SOURCE;
				MTL_FAST_MATH = YES;
				ONLY_ACTIVE_ARCH = YES;
				SDKROOT = iphoneos;
				SWIFT_ACTIVE_COMPILATION_CONDITIONS = DEBUG;
				SWIFT_OPTIMIZATION_LEVEL = "-Onone";
			};
			name = Debug;
		};
		A0F316FF26DFCA8D006E7015 /* Release */ = {
			isa = XCBuildConfiguration;
			buildSettings = {
				ALWAYS_SEARCH_USER_PATHS = NO;
				CLANG_ANALYZER_NONNULL = YES;
				CLANG_ANALYZER_NUMBER_OBJECT_CONVERSION = YES_AGGRESSIVE;
				CLANG_CXX_LANGUAGE_STANDARD = "gnu++14";
				CLANG_CXX_LIBRARY = "libc++";
				CLANG_ENABLE_MODULES = YES;
				CLANG_ENABLE_OBJC_ARC = YES;
				CLANG_ENABLE_OBJC_WEAK = YES;
				CLANG_WARN_BLOCK_CAPTURE_AUTORELEASING = YES;
				CLANG_WARN_BOOL_CONVERSION = YES;
				CLANG_WARN_COMMA = YES;
				CLANG_WARN_CONSTANT_CONVERSION = YES;
				CLANG_WARN_DEPRECATED_OBJC_IMPLEMENTATIONS = YES;
				CLANG_WARN_DIRECT_OBJC_ISA_USAGE = YES_ERROR;
				CLANG_WARN_DOCUMENTATION_COMMENTS = YES;
				CLANG_WARN_EMPTY_BODY = YES;
				CLANG_WARN_ENUM_CONVERSION = YES;
				CLANG_WARN_INFINITE_RECURSION = YES;
				CLANG_WARN_INT_CONVERSION = YES;
				CLANG_WARN_NON_LITERAL_NULL_CONVERSION = YES;
				CLANG_WARN_OBJC_IMPLICIT_RETAIN_SELF = YES;
				CLANG_WARN_OBJC_LITERAL_CONVERSION = YES;
				CLANG_WARN_OBJC_ROOT_CLASS = YES_ERROR;
				CLANG_WARN_QUOTED_INCLUDE_IN_FRAMEWORK_HEADER = YES;
				CLANG_WARN_RANGE_LOOP_ANALYSIS = YES;
				CLANG_WARN_STRICT_PROTOTYPES = YES;
				CLANG_WARN_SUSPICIOUS_MOVE = YES;
				CLANG_WARN_UNGUARDED_AVAILABILITY = YES_AGGRESSIVE;
				CLANG_WARN_UNREACHABLE_CODE = YES;
				CLANG_WARN__DUPLICATE_METHOD_MATCH = YES;
				COPY_PHASE_STRIP = NO;
				DEBUG_INFORMATION_FORMAT = "dwarf-with-dsym";
				ENABLE_NS_ASSERTIONS = NO;
				ENABLE_STRICT_OBJC_MSGSEND = YES;
				GCC_C_LANGUAGE_STANDARD = gnu11;
				GCC_NO_COMMON_BLOCKS = YES;
				GCC_WARN_64_TO_32_BIT_CONVERSION = YES;
				GCC_WARN_ABOUT_RETURN_TYPE = YES_ERROR;
				GCC_WARN_UNDECLARED_SELECTOR = YES;
				GCC_WARN_UNINITIALIZED_AUTOS = YES_AGGRESSIVE;
				GCC_WARN_UNUSED_FUNCTION = YES;
				GCC_WARN_UNUSED_VARIABLE = YES;
				IPHONEOS_DEPLOYMENT_TARGET = 14.5;
				MTL_ENABLE_DEBUG_INFO = NO;
				MTL_FAST_MATH = YES;
				SDKROOT = iphoneos;
				SWIFT_COMPILATION_MODE = wholemodule;
				SWIFT_OPTIMIZATION_LEVEL = "-O";
				VALIDATE_PRODUCT = YES;
			};
			name = Release;
		};
		A0F3170126DFCA8D006E7015 /* Debug */ = {
			isa = XCBuildConfiguration;
			buildSettings = {
				ASSETCATALOG_COMPILER_APPICON_NAME = AppIcon;
				ASSETCATALOG_COMPILER_GLOBAL_ACCENT_COLOR_NAME = AccentColor;
				CODE_SIGN_STYLE = Automatic;
				DEVELOPMENT_ASSET_PATHS = "\"MAPS/Preview Content\"";
				DEVELOPMENT_TEAM = 6B28Q8AFPX;
				ENABLE_PREVIEWS = YES;
				INFOPLIST_FILE = MAPS/Info.plist;
				LD_RUNPATH_SEARCH_PATHS = (
					"$(inherited)",
					"@executable_path/Frameworks",
				);
				PRODUCT_BUNDLE_IDENTIFIER = COM.SANKALP.MAPS;
				PRODUCT_NAME = "$(TARGET_NAME)";
				SWIFT_VERSION = 5.0;
				TARGETED_DEVICE_FAMILY = "1,2";
			};
			name = Debug;
		};
		A0F3170226DFCA8D006E7015 /* Release */ = {
			isa = XCBuildConfiguration;
			buildSettings = {
				ASSETCATALOG_COMPILER_APPICON_NAME = AppIcon;
				ASSETCATALOG_COMPILER_GLOBAL_ACCENT_COLOR_NAME = AccentColor;
				CODE_SIGN_STYLE = Automatic;
				DEVELOPMENT_ASSET_PATHS = "\"MAPS/Preview Content\"";
				DEVELOPMENT_TEAM = 6B28Q8AFPX;
				ENABLE_PREVIEWS = YES;
				INFOPLIST_FILE = MAPS/Info.plist;
				LD_RUNPATH_SEARCH_PATHS = (
					"$(inherited)",
					"@executable_path/Frameworks",
				);
				PRODUCT_BUNDLE_IDENTIFIER = COM.SANKALP.MAPS;
				PRODUCT_NAME = "$(TARGET_NAME)";
				SWIFT_VERSION = 5.0;
				TARGETED_DEVICE_FAMILY = "1,2";
			};
			name = Release;
		};
		A0F3170426DFCA8D006E7015 /* Debug */ = {
			isa = XCBuildConfiguration;
			buildSettings = {
				ALWAYS_EMBED_SWIFT_STANDARD_LIBRARIES = YES;
				BUNDLE_LOADER = "$(TEST_HOST)";
				CODE_SIGN_STYLE = Automatic;
				DEVELOPMENT_TEAM = 6B28Q8AFPX;
				INFOPLIST_FILE = MAPSTests/Info.plist;
				IPHONEOS_DEPLOYMENT_TARGET = 14.5;
				LD_RUNPATH_SEARCH_PATHS = (
					"$(inherited)",
					"@executable_path/Frameworks",
					"@loader_path/Frameworks",
				);
				PRODUCT_BUNDLE_IDENTIFIER = COM.SANKALP.MAPSTests;
				PRODUCT_NAME = "$(TARGET_NAME)";
				SWIFT_VERSION = 5.0;
				TARGETED_DEVICE_FAMILY = "1,2";
				TEST_HOST = "$(BUILT_PRODUCTS_DIR)/MAPS.app/MAPS";
			};
			name = Debug;
		};
		A0F3170526DFCA8D006E7015 /* Release */ = {
			isa = XCBuildConfiguration;
			buildSettings = {
				ALWAYS_EMBED_SWIFT_STANDARD_LIBRARIES = YES;
				BUNDLE_LOADER = "$(TEST_HOST)";
				CODE_SIGN_STYLE = Automatic;
				DEVELOPMENT_TEAM = 6B28Q8AFPX;
				INFOPLIST_FILE = MAPSTests/Info.plist;
				IPHONEOS_DEPLOYMENT_TARGET = 14.5;
				LD_RUNPATH_SEARCH_PATHS = (
					"$(inherited)",
					"@executable_path/Frameworks",
					"@loader_path/Frameworks",
				);
				PRODUCT_BUNDLE_IDENTIFIER = COM.SANKALP.MAPSTests;
				PRODUCT_NAME = "$(TARGET_NAME)";
				SWIFT_VERSION = 5.0;
				TARGETED_DEVICE_FAMILY = "1,2";
				TEST_HOST = "$(BUILT_PRODUCTS_DIR)/MAPS.app/MAPS";
			};
			name = Release;
		};
		A0F3170726DFCA8D006E7015 /* Debug */ = {
			isa = XCBuildConfiguration;
			buildSettings = {
				ALWAYS_EMBED_SWIFT_STANDARD_LIBRARIES = YES;
				CODE_SIGN_STYLE = Automatic;
				DEVELOPMENT_TEAM = 6B28Q8AFPX;
				INFOPLIST_FILE = MAPSUITests/Info.plist;
				LD_RUNPATH_SEARCH_PATHS = (
					"$(inherited)",
					"@executable_path/Frameworks",
					"@loader_path/Frameworks",
				);
				PRODUCT_BUNDLE_IDENTIFIER = COM.SANKALP.MAPSUITests;
				PRODUCT_NAME = "$(TARGET_NAME)";
				SWIFT_VERSION = 5.0;
				TARGETED_DEVICE_FAMILY = "1,2";
				TEST_TARGET_NAME = MAPS;
			};
			name = Debug;
		};
		A0F3170826DFCA8D006E7015 /* Release */ = {
			isa = XCBuildConfiguration;
			buildSettings = {
				ALWAYS_EMBED_SWIFT_STANDARD_LIBRARIES = YES;
				CODE_SIGN_STYLE = Automatic;
				DEVELOPMENT_TEAM = 6B28Q8AFPX;
				INFOPLIST_FILE = MAPSUITests/Info.plist;
				LD_RUNPATH_SEARCH_PATHS = (
					"$(inherited)",
					"@executable_path/Frameworks",
					"@loader_path/Frameworks",
				);
				PRODUCT_BUNDLE_IDENTIFIER = COM.SANKALP.MAPSUITests;
				PRODUCT_NAME = "$(TARGET_NAME)";
				SWIFT_VERSION = 5.0;
				TARGETED_DEVICE_FAMILY = "1,2";
				TEST_TARGET_NAME = MAPS;
			};
			name = Release;
		};
/* End XCBuildConfiguration section */

/* Begin XCConfigurationList section */
		A0F316CE26DFCA8C006E7015 /* Build configuration list for PBXProject "MAPS" */ = {
			isa = XCConfigurationList;
			buildConfigurations = (
				A0F316FE26DFCA8D006E7015 /* Debug */,
				A0F316FF26DFCA8D006E7015 /* Release */,
			);
			defaultConfigurationIsVisible = 0;
			defaultConfigurationName = Release;
		};
		A0F3170026DFCA8D006E7015 /* Build configuration list for PBXNativeTarget "MAPS" */ = {
			isa = XCConfigurationList;
			buildConfigurations = (
				A0F3170126DFCA8D006E7015 /* Debug */,
				A0F3170226DFCA8D006E7015 /* Release */,
			);
			defaultConfigurationIsVisible = 0;
			defaultConfigurationName = Release;
		};
		A0F3170326DFCA8D006E7015 /* Build configuration list for PBXNativeTarget "MAPSTests" */ = {
			isa = XCConfigurationList;
			buildConfigurations = (
				A0F3170426DFCA8D006E7015 /* Debug */,
				A0F3170526DFCA8D006E7015 /* Release */,
			);
			defaultConfigurationIsVisible = 0;
			defaultConfigurationName = Release;
		};
		A0F3170626DFCA8D006E7015 /* Build configuration list for PBXNativeTarget "MAPSUITests" */ = {
			isa = XCConfigurationList;
			buildConfigurations = (
				A0F3170726DFCA8D006E7015 /* Debug */,
				A0F3170826DFCA8D006E7015 /* Release */,
			);
			defaultConfigurationIsVisible = 0;
			defaultConfigurationName = Release;
		};
/* End XCConfigurationList section */

/* Begin XCVersionGroup section */
		A0F316DC26DFCA8C006E7015 /* MAPS.xcdatamodeld */ = {
			isa = XCVersionGroup;
			children = (
				A0F316DD26DFCA8C006E7015 /* MAPS.xcdatamodel */,
			);
			currentVersion = A0F316DD26DFCA8C006E7015 /* MAPS.xcdatamodel */;
			path = MAPS.xcdatamodeld;
			sourceTree = "<group>";
			versionGroupType = wrapper.xcdatamodel;
		};
/* End XCVersionGroup section */
	};
	rootObject = A0F316CB26DFCA8C006E7015 /* Project object */;
}
